
Microsoft Visual Studio Solution File, Format Version 12.00
# Visual Studio Version 17
VisualStudioVersion = 17.0.32014.148
MinimumVisualStudioVersion = 10.0.40219.1
Project("{FAE04EC0-301F-11D3-BF4B-00C04F79EFBC}") = "PawsClaws", "PawsClaws\PawsClaws.csproj", "{8D5DD79A-C6C9-4EA2-94C9-656CE75BB1D2}"
EndProject
Project("{FAE04EC0-301F-11D3-BF4B-00C04F79EFBC}") = "PawsClaws.Data", "PawsClaws.Data\PawsClaws.Data.csproj", "{BF7B8188-89DE-44CE-A704-5CF82FA6F5F2}"
EndProject
Project("{FAE04EC0-301F-11D3-BF4B-00C04F79EFBC}") = "PawsClaws.Business", "PawsClaws.Business\PawsClaws.Business.csproj", "{D02EA9C4-7372-4327-A18B-321749C12716}"
EndProject
Global
	GlobalSection(SolutionConfigurationPlatforms) = preSolution
		Debug|Any CPU = Debug|Any CPU
		Release|Any CPU = Release|Any CPU
	EndGlobalSection
	GlobalSection(ProjectConfigurationPlatforms) = postSolution
		{8D5DD79A-C6C9-4EA2-94C9-656CE75BB1D2}.Debug|Any CPU.ActiveCfg = Debug|Any CPU
		{8D5DD79A-C6C9-4EA2-94C9-656CE75BB1D2}.Debug|Any CPU.Build.0 = Debug|Any CPU
		{8D5DD79A-C6C9-4EA2-94C9-656CE75BB1D2}.Release|Any CPU.ActiveCfg = Release|Any CPU
		{8D5DD79A-C6C9-4EA2-94C9-656CE75BB1D2}.Release|Any CPU.Build.0 = Release|Any CPU
		{BF7B8188-89DE-44CE-A704-5CF82FA6F5F2}.Debug|Any CPU.ActiveCfg = Debug|Any CPU
		{BF7B8188-89DE-44CE-A704-5CF82FA6F5F2}.Debug|Any CPU.Build.0 = Debug|Any CPU
		{BF7B8188-89DE-44CE-A704-5CF82FA6F5F2}.Release|Any CPU.ActiveCfg = Release|Any CPU
		{BF7B8188-89DE-44CE-A704-5CF82FA6F5F2}.Release|Any CPU.Build.0 = Release|Any CPU
		{D02EA9C4-7372-4327-A18B-321749C12716}.Debug|Any CPU.ActiveCfg = Debug|Any CPU
		{D02EA9C4-7372-4327-A18B-321749C12716}.Debug|Any CPU.Build.0 = Debug|Any CPU
		{D02EA9C4-7372-4327-A18B-321749C12716}.Release|Any CPU.ActiveCfg = Release|Any CPU
		{D02EA9C4-7372-4327-A18B-321749C12716}.Release|Any CPU.Build.0 = Release|Any CPU
	EndGlobalSection
	GlobalSection(SolutionProperties) = preSolution
		HideSolutionNode = FALSE
	EndGlobalSection
	GlobalSection(ExtensibilityGlobals) = postSolution
		SolutionGuid = {20A91619-05EE-45D8-83B7-B4CEFDA56E62}
	EndGlobalSection
EndGlobal
